{
  "name": "ordino_public",
  "version": "5.4.1-SNAPSHOT",
  "lockfileVersion": 1,
  "requires": true,
  "dependencies": {
    "@babel/runtime": {
      "version": "7.7.7",
      "resolved": "https://registry.npmjs.org/@babel/runtime/-/runtime-7.7.7.tgz",
      "integrity": "sha512-uCnC2JEVAu8AKB5do1WRIsvrdJ0flYx/A/9f/6chdacnEZ7LmavjdsDXr5ksYBegxtuTPR5Va9/+13QF/kFkCA==",
      "requires": {
        "regenerator-runtime": "^0.13.2"
      }
    },
    "@types/bootstrap": {
      "version": "3.3.32",
      "resolved": "https://registry.npmjs.org/@types/bootstrap/-/bootstrap-3.3.32.tgz",
      "integrity": "sha1-q69LNk0IbeDLd5HbDP1VcDtZH60=",
      "requires": {
        "@types/jquery": "*"
      }
    },
    "@types/d3": {
      "version": "3.5.43",
      "resolved": "https://registry.npmjs.org/@types/d3/-/d3-3.5.43.tgz",
      "integrity": "sha512-t9ZmXOcpVxywRw86YtIC54g7M9puRh8hFedRvVfHKf5YyOP6pSxA0TvpXpfseXSCInoW4P7bggTrSDiUOs4g5w=="
    },
    "@types/d3-format": {
      "version": "1.3.1",
      "resolved": "https://registry.npmjs.org/@types/d3-format/-/d3-format-1.3.1.tgz",
      "integrity": "sha512-KAWvReOKMDreaAwOjdfQMm0HjcUMlQG47GwqdVKgmm20vTd2pucj0a70c3gUSHrnsmo6H2AMrkBsZU2UhJLq8A=="
    },
    "@types/handlebars": {
      "version": "4.0.33",
      "resolved": "https://registry.npmjs.org/@types/handlebars/-/handlebars-4.0.33.tgz",
      "integrity": "sha512-39w19Mseg83z68JsIdcuFH3Z+BR/Jc3gRBB4Pn/aUm76rdy0prMz5iIMJAOb0Bo6H/rZhQc41vFf3tAMgqufVQ=="
    },
    "@types/jquery": {
      "version": "3.3.31",
      "resolved": "https://registry.npmjs.org/@types/jquery/-/jquery-3.3.31.tgz",
      "integrity": "sha512-Lz4BAJihoFw5nRzKvg4nawXPzutkv7wmfQ5121avptaSIXlDNJCUuxZxX/G+9EVidZGuO0UBlk+YjKbwRKJigg==",
      "requires": {
        "@types/sizzle": "*"
      }
    },
    "@types/jquery.scrollto": {
      "version": "1.4.28",
      "resolved": "https://registry.npmjs.org/@types/jquery.scrollto/-/jquery.scrollto-1.4.28.tgz",
      "integrity": "sha512-jDMvrQx9tv2pT9G+NaVIMROLf8wee6vML+2uDu1sj2VwDMwtloXy8gb8Xt67+mnurspO88FsQzzEBL2zqbyvmw==",
      "requires": {
        "@types/jquery": "*"
      }
    },
    "@types/marked": {
      "version": "0.3.0",
      "resolved": "https://registry.npmjs.org/@types/marked/-/marked-0.3.0.tgz",
      "integrity": "sha512-CSf9YWJdX1DkTNu9zcNtdCcn6hkRtB5ILjbhRId4ZOQqx30fXmdecuaXhugQL6eyrhuXtaHJ7PHI+Vm7k9ZJjg=="
    },
    "@types/select2": {
      "version": "4.0.41",
      "resolved": "https://registry.npmjs.org/@types/select2/-/select2-4.0.41.tgz",
      "integrity": "sha512-3/91X/6jP7eW8Qx1Gjs5W7kdF+5C4XWZJRaDeFCKjpqCvCDI5QkB288OK+JXvWnQtqVYF+WNUshPIyvbMpQMrQ==",
      "requires": {
        "@types/jquery": "*"
      }
    },
    "@types/sizzle": {
      "version": "2.3.2",
      "resolved": "https://registry.npmjs.org/@types/sizzle/-/sizzle-2.3.2.tgz",
      "integrity": "sha512-7EJYyKTL7tFR8+gDbB6Wwz/arpGa0Mywk1TJbNzKzHtzbwVmY4HR9WqS5VV7dsBUKQmPNr192jHr/VpBluj/hg=="
    },
    "@types/whatwg-fetch": {
      "version": "0.0.33",
      "resolved": "https://registry.npmjs.org/@types/whatwg-fetch/-/whatwg-fetch-0.0.33.tgz",
      "integrity": "sha1-GcDShjyMsjgPIaHHNrecv3iVuxM=",
      "requires": {
        "@types/whatwg-streams": "*"
      }
    },
    "@types/whatwg-streams": {
      "version": "0.0.4",
      "resolved": "https://registry.npmjs.org/@types/whatwg-streams/-/whatwg-streams-0.0.4.tgz",
      "integrity": "sha512-dM5YQytWb1EunntizWnsAsADJxbXhHQyPoRxXlfEMPULcnbgzB02qZ8KI/K5yFItulzoidxWbX4OO/w4FN92Sg=="
    },
    "bootstrap-sass": {
      "version": "3.3.7",
      "resolved": "https://registry.npmjs.org/bootstrap-sass/-/bootstrap-sass-3.3.7.tgz",
      "integrity": "sha1-ZZbHq0D2Y3OTMjqwvIDQZPxjBJg="
    },
    "d3": {
      "version": "3.5.17",
      "resolved": "https://registry.npmjs.org/d3/-/d3-3.5.17.tgz",
      "integrity": "sha1-vEZ0gAQ3iyGjYMn8fPUjF5B2L7g="
    },
    "font-awesome": {
      "version": "4.7.0",
      "resolved": "https://registry.npmjs.org/font-awesome/-/font-awesome-4.7.0.tgz",
      "integrity": "sha1-j6jPBBGhoxr9B7BtKQK7n8gVoTM="
    },
    "i18next": {
      "version": "17.3.1",
      "resolved": "https://registry.npmjs.org/i18next/-/i18next-17.3.1.tgz",
      "integrity": "sha512-4nY+yaENaoZKmpbiDXPzucVHCN3hN9Z9Zk7LyQXVOKVIpnYOJ3L/yxHJlBPtJDq3PGgjFwA0QBFm/26Z0iDT5A==",
      "requires": {
        "@babel/runtime": "^7.3.1"
      }
    },
    "jquery": {
      "version": "3.3.1",
      "resolved": "https://registry.npmjs.org/jquery/-/jquery-3.3.1.tgz",
      "integrity": "sha512-Ubldcmxp5np52/ENotGxlLe6aGMvmF4R8S6tZjsP6Knsaxd/xp3Zrh50cG93lR6nPXyUFwzN3ZSOQI0wRJNdGg=="
    },
    "jquery.scrollto": {
      "version": "2.1.2",
      "resolved": "https://registry.npmjs.org/jquery.scrollto/-/jquery.scrollto-2.1.2.tgz",
      "integrity": "sha1-51gNnHrEbvW7JTGUg/b0VxP9fGw=",
      "requires": {
        "jquery": ">=1.8"
      }
    },
    "lineupengine": {
      "version": "1.1.2",
      "resolved": "https://registry.npmjs.org/lineupengine/-/lineupengine-1.1.2.tgz",
      "integrity": "sha512-6nrZlwJOBVOX+1fuqR21QvqH14y7kd+V1Qh/xZllkCHzy4IRtrywDc7YklYzmtpJWKDvflD2pfn2D75P+UICfg=="
    },
    "lineupjs": {
      "version": "github:lineupjs/lineupjs#1b84e033be7b1463825feb533905df29e1352b64",
      "from": "github:lineupjs/lineupjs#develop",
      "requires": {
        "@types/d3-format": "^1.3.1",
        "lineupengine": "^1.1.2",
        "popper.js": "^1.15.0",
        "reflect-metadata": "^0.1.13"
      }
    },
    "marked": {
      "version": "0.3.9",
      "resolved": "https://registry.npmjs.org/marked/-/marked-0.3.9.tgz",
      "integrity": "sha512-nW5u0dxpXxHfkHzzrveY45gCbi+R4PaO4WRZYqZNl+vB0hVGeqlFn0aOg1c8AKL63TrNFn9Bm2UP4AdiZ9TPLw=="
    },
    "ordino": {
      "version": "github:Caleydo/ordino#d96106df3ebccc4233ca62e6faa6ffcda9515b21",
      "from": "github:Caleydo/ordino#develop",
      "requires": {
        "@types/jquery": "~3.3.6",
        "@types/jquery.scrollto": "~1.4.27",
        "jquery": "~3.3.1",
        "jquery.scrollto": "~2.1.2",
        "tdp_core": "github:datavisyn/tdp_core#develop"
      }
    },
    "phovea_clue": {
      "version": "github:phovea/phovea_clue#c45beb55d5f4d6f4f368dcf462828e090db6f0ed",
      "from": "github:phovea/phovea_clue#develop",
      "requires": {
        "@types/d3": "~3.5.36",
        "@types/marked": "0.3.0",
        "d3": "~3.5.17",
        "marked": "0.3.9",
        "phovea_core": "github:phovea/phovea_core#develop",
        "phovea_security_flask": "github:phovea/phovea_security_flask#develop",
        "phovea_ui": "github:phovea/phovea_ui#develop"
      }
    },
    "phovea_core": {
      "version": "github:phovea/phovea_core#47ccda23744593f422eafcafb0ee5c975378651a",
      "from": "github:phovea/phovea_core#develop",
      "requires": {
        "@types/handlebars": "4.0.33",
        "@types/whatwg-fetch": "0.0.33",
        "@types/whatwg-streams": "0.0.4",
        "i18next": "^17.0.18",
        "tslib": "1.9.0"
      }
    },
    "phovea_security_flask": {
      "version": "github:phovea/phovea_security_flask#a59b8d56195289d1bb13d8046301be07fdd3862e",
      "from": "github:phovea/phovea_security_flask#develop",
      "requires": {
        "phovea_core": "github:phovea/phovea_core#develop"
      }
    },
    "phovea_ui": {
      "version": "github:phovea/phovea_ui#874f3496da883e85d9f8b8042f137abde7dd14fe",
      "from": "github:phovea/phovea_ui#develop",
      "requires": {
        "@types/bootstrap": "3.3.32",
        "@types/jquery": "~3.3.6",
        "bootstrap-sass": "3.3.7",
        "font-awesome": "~4.7.0",
        "jquery": "~3.3.1",
        "phovea_core": "github:phovea/phovea_core#develop"
      }
    },
    "popper.js": {
      "version": "1.16.0",
      "resolved": "https://registry.npmjs.org/popper.js/-/popper.js-1.16.0.tgz",
      "integrity": "sha512-+G+EkOPoE5S/zChTpmBSSDYmhXJ5PsW8eMhH8cP/CQHMFPBG/kC9Y5IIw6qNYgdJ+/COf0ddY2li28iHaZRSjw=="
    },
    "reflect-metadata": {
      "version": "0.1.13",
      "resolved": "https://registry.npmjs.org/reflect-metadata/-/reflect-metadata-0.1.13.tgz",
      "integrity": "sha512-Ts1Y/anZELhSsjMcU605fU9RE4Oi3p5ORujwbIKXfWa+0Zxs510Qrmrce5/Jowq3cHSZSJqBjypxmHarc+vEWg=="
    },
    "regenerator-runtime": {
      "version": "0.13.3",
      "resolved": "https://registry.npmjs.org/regenerator-runtime/-/regenerator-runtime-0.13.3.tgz",
      "integrity": "sha512-naKIZz2GQ8JWh///G7L3X6LaQUAMp2lvb1rvwwsURe/VXwD6VMfr+/1NuNw3ag8v2kY1aQ/go5SNn79O9JU7yw=="
    },
    "select2": {
      "version": "4.0.12",
      "resolved": "https://registry.npmjs.org/select2/-/select2-4.0.12.tgz",
      "integrity": "sha512-mbXC05AvjCboZcRlgJqN4mlI2qmqshpRC76sKNAdxS1lPLOh2m/NTyfL6xsvGoY6eIhjaya4dbumN99MudVQ2w=="
    },
    "select2-bootstrap-theme": {
      "version": "0.1.0-beta.9",
      "resolved": "https://registry.npmjs.org/select2-bootstrap-theme/-/select2-bootstrap-theme-0.1.0-beta.9.tgz",
      "integrity": "sha1-zrXRVbeJ7fQVEDPwcULfiJi2Ax0="
    },
    "tdp_core": {
      "version": "github:datavisyn/tdp_core#daefb1d240f40c4333ee681ce485841e9dfdf006",
      "from": "github:datavisyn/tdp_core#develop",
      "requires": {
        "@types/d3": "~3.5.36",
        "@types/jquery": "~3.3.6",
        "@types/select2": "4.0.41",
        "d3": "~3.5.17",
        "jquery": "~3.3.1",
        "lineupjs": "github:lineupjs/lineupjs#develop",
        "phovea_clue": "github:phovea/phovea_clue#develop",
        "select2": "~4.0.5",
        "select2-bootstrap-theme": "0.1.0-beta.9"
      }
    },
    "tslib": {
      "version": "1.9.0",
      "resolved": "https://registry.npmjs.org/tslib/-/tslib-1.9.0.tgz",
      "integrity": "sha512-f/qGG2tUkrISBlQZEjEqoZ3B2+npJjIf04H1wuAv9iA8i04Icp+61KRXxFdha22670NJopsZCIjhC3SnjPRKrQ=="
    }
  }
}
